
Microsoft Visual Studio Solution File, Format Version 12.00
# Visual Studio Version 16
VisualStudioVersion = 16.0.28803.202
MinimumVisualStudioVersion = 10.0.40219.1
Project("{9A19103F-16F7-4668-BE54-9A1E7A4F7556}") = "Tests", "Tests\Tests.csproj", "{57DDC976-C261-4F83-A798-AA3808D34C26}"
EndProject
Project("{9A19103F-16F7-4668-BE54-9A1E7A4F7556}") = "DataAccessLayer", "DataAccessLayer\DataAccessLayer.csproj", "{0AB9F462-A6BD-4A6B-B5DC-7AAAA4404901}"
EndProject
Project("{9A19103F-16F7-4668-BE54-9A1E7A4F7556}") = "BusinessLogic", "BusinessLogic\BusinessLogic.csproj", "{D7A1D385-0754-4C05-A525-5CD3FDE0AFAE}"
EndProject
Project("{FAE04EC0-301F-11D3-BF4B-00C04F79EFBC}") = "TinkyPadWeb", "TinkyPadWeb\TinkyPadWeb.csproj", "{A4EA5351-5BBC-412D-95D0-C3847E82431E}"
EndProject
Global
	GlobalSection(SolutionConfigurationPlatforms) = preSolution
		Debug|Any CPU = Debug|Any CPU
		Release|Any CPU = Release|Any CPU
	EndGlobalSection
	GlobalSection(ProjectConfigurationPlatforms) = postSolution
		{57DDC976-C261-4F83-A798-AA3808D34C26}.Debug|Any CPU.ActiveCfg = Debug|Any CPU
		{57DDC976-C261-4F83-A798-AA3808D34C26}.Debug|Any CPU.Build.0 = Debug|Any CPU
		{57DDC976-C261-4F83-A798-AA3808D34C26}.Release|Any CPU.ActiveCfg = Release|Any CPU
		{57DDC976-C261-4F83-A798-AA3808D34C26}.Release|Any CPU.Build.0 = Release|Any CPU
		{0AB9F462-A6BD-4A6B-B5DC-7AAAA4404901}.Debug|Any CPU.ActiveCfg = Debug|Any CPU
		{0AB9F462-A6BD-4A6B-B5DC-7AAAA4404901}.Debug|Any CPU.Build.0 = Debug|Any CPU
		{0AB9F462-A6BD-4A6B-B5DC-7AAAA4404901}.Release|Any CPU.ActiveCfg = Release|Any CPU
		{0AB9F462-A6BD-4A6B-B5DC-7AAAA4404901}.Release|Any CPU.Build.0 = Release|Any CPU
		{D7A1D385-0754-4C05-A525-5CD3FDE0AFAE}.Debug|Any CPU.ActiveCfg = Debug|Any CPU
		{D7A1D385-0754-4C05-A525-5CD3FDE0AFAE}.Debug|Any CPU.Build.0 = Debug|Any CPU
		{D7A1D385-0754-4C05-A525-5CD3FDE0AFAE}.Release|Any CPU.ActiveCfg = Release|Any CPU
		{D7A1D385-0754-4C05-A525-5CD3FDE0AFAE}.Release|Any CPU.Build.0 = Release|Any CPU
		{A4EA5351-5BBC-412D-95D0-C3847E82431E}.Debug|Any CPU.ActiveCfg = Debug|Any CPU
		{A4EA5351-5BBC-412D-95D0-C3847E82431E}.Debug|Any CPU.Build.0 = Debug|Any CPU
		{A4EA5351-5BBC-412D-95D0-C3847E82431E}.Release|Any CPU.ActiveCfg = Release|Any CPU
		{A4EA5351-5BBC-412D-95D0-C3847E82431E}.Release|Any CPU.Build.0 = Release|Any CPU
	EndGlobalSection
	GlobalSection(SolutionProperties) = preSolution
		HideSolutionNode = FALSE
	EndGlobalSection
	GlobalSection(ExtensibilityGlobals) = postSolution
		SolutionGuid = {DBB81E56-2823-4CB1-9396-E3AA3F9F6009}
	EndGlobalSection
EndGlobal
